
Microsoft Visual Studio Solution File, Format Version 12.00
# Visual Studio Version 17
VisualStudioVersion = 17.10.35027.167
MinimumVisualStudioVersion = 10.0.40219.1
Project("{2150E333-8FDC-42A3-9474-1A3956D46DE8}") = "FrontEnd", "FrontEnd", "{1FACC329-A159-4586-810C-3AA452F360AA}"
EndProject
Project("{2150E333-8FDC-42A3-9474-1A3956D46DE8}") = "Gateway", "Gateway", "{5948E777-CA03-42B4-889F-43287D1815A0}"
EndProject
Project("{2150E333-8FDC-42A3-9474-1A3956D46DE8}") = "Intgration", "Intgration", "{3FC2B549-0C2A-4F4B-A23C-EC20BA094990}"
EndProject
Project("{2150E333-8FDC-42A3-9474-1A3956D46DE8}") = "Services", "Services", "{B9666E69-E1C7-4B52-B942-72B419632883}"
EndProject
Project("{9A19103F-16F7-4668-BE54-9A1E7A4F7556}") = "Mango.Service.CouponAPI", "Mango.Service.CouponAPI\Mango.Service.CouponAPI.csproj", "{69A0E0FA-C370-4EF7-B359-B5EB1AA2F241}"
EndProject
Project("{FAE04EC0-301F-11D3-BF4B-00C04F79EFBC}") = "Mango.Web", "Mango.Web\Mango.Web.csproj", "{EA94B745-8E8C-48C7-9811-951C3FAE8385}"
EndProject
Global
	GlobalSection(SolutionConfigurationPlatforms) = preSolution
		Debug|Any CPU = Debug|Any CPU
		Release|Any CPU = Release|Any CPU
	EndGlobalSection
	GlobalSection(ProjectConfigurationPlatforms) = postSolution
		{69A0E0FA-C370-4EF7-B359-B5EB1AA2F241}.Debug|Any CPU.ActiveCfg = Debug|Any CPU
		{69A0E0FA-C370-4EF7-B359-B5EB1AA2F241}.Debug|Any CPU.Build.0 = Debug|Any CPU
		{69A0E0FA-C370-4EF7-B359-B5EB1AA2F241}.Release|Any CPU.ActiveCfg = Release|Any CPU
		{69A0E0FA-C370-4EF7-B359-B5EB1AA2F241}.Release|Any CPU.Build.0 = Release|Any CPU
		{EA94B745-8E8C-48C7-9811-951C3FAE8385}.Debug|Any CPU.ActiveCfg = Debug|Any CPU
		{EA94B745-8E8C-48C7-9811-951C3FAE8385}.Debug|Any CPU.Build.0 = Debug|Any CPU
		{EA94B745-8E8C-48C7-9811-951C3FAE8385}.Release|Any CPU.ActiveCfg = Release|Any CPU
		{EA94B745-8E8C-48C7-9811-951C3FAE8385}.Release|Any CPU.Build.0 = Release|Any CPU
	EndGlobalSection
	GlobalSection(SolutionProperties) = preSolution
		HideSolutionNode = FALSE
	EndGlobalSection
	GlobalSection(NestedProjects) = preSolution
		{69A0E0FA-C370-4EF7-B359-B5EB1AA2F241} = {B9666E69-E1C7-4B52-B942-72B419632883}
		{EA94B745-8E8C-48C7-9811-951C3FAE8385} = {1FACC329-A159-4586-810C-3AA452F360AA}
	EndGlobalSection
	GlobalSection(ExtensibilityGlobals) = postSolution
		SolutionGuid = {453B3A4A-21C5-4545-99AA-4C3457F121DE}
	EndGlobalSection
EndGlobal
